
Microsoft Visual Studio Solution File, Format Version 12.00
# Visual Studio Version 17
VisualStudioVersion = 17.10.35013.160
MinimumVisualStudioVersion = 10.0.40219.1
Project("{FAE04EC0-301F-11D3-BF4B-00C04F79EFBC}") = "GildedRose", "GildedRose\GildedRose.csproj", "{EFD9414D-66FE-4964-AD00-A01E2213DC6B}"
EndProject
Project("{FAE04EC0-301F-11D3-BF4B-00C04F79EFBC}") = "GildedRose.UnitTests", "GildedRose.UnitTests\GildedRose.UnitTests.csproj", "{3A917BAA-08F6-48CB-835F-3798D2791CC6}"
EndProject
Global
	GlobalSection(SolutionConfigurationPlatforms) = preSolution
		Debug|Any CPU = Debug|Any CPU
		Release|Any CPU = Release|Any CPU
	EndGlobalSection
	GlobalSection(ProjectConfigurationPlatforms) = postSolution
		{EFD9414D-66FE-4964-AD00-A01E2213DC6B}.Debug|Any CPU.ActiveCfg = Debug|Any CPU
		{EFD9414D-66FE-4964-AD00-A01E2213DC6B}.Debug|Any CPU.Build.0 = Debug|Any CPU
		{EFD9414D-66FE-4964-AD00-A01E2213DC6B}.Release|Any CPU.ActiveCfg = Release|Any CPU
		{EFD9414D-66FE-4964-AD00-A01E2213DC6B}.Release|Any CPU.Build.0 = Release|Any CPU
		{3A917BAA-08F6-48CB-835F-3798D2791CC6}.Debug|Any CPU.ActiveCfg = Debug|Any CPU
		{3A917BAA-08F6-48CB-835F-3798D2791CC6}.Debug|Any CPU.Build.0 = Debug|Any CPU
		{3A917BAA-08F6-48CB-835F-3798D2791CC6}.Release|Any CPU.ActiveCfg = Release|Any CPU
		{3A917BAA-08F6-48CB-835F-3798D2791CC6}.Release|Any CPU.Build.0 = Release|Any CPU
	EndGlobalSection
	GlobalSection(SolutionProperties) = preSolution
		HideSolutionNode = FALSE
	EndGlobalSection
	GlobalSection(ExtensibilityGlobals) = postSolution
		SolutionGuid = {7EBD1602-AF3F-4F23-A5F8-28F793BD71A9}
	EndGlobalSection
EndGlobal
